
Microsoft Visual Studio Solution File, Format Version 12.00
# Visual Studio 14
VisualStudioVersion = 14.0.24720.0
MinimumVisualStudioVersion = 10.0.40219.1
Project("{FAE04EC0-301F-11D3-BF4B-00C04F79EFBC}") = "FunckyHttp", "FunckyHttp\FunckyHttp.csproj", "{67482A01-B321-4F62-82B6-C491564E770A}"
EndProject
Project("{FAE04EC0-301F-11D3-BF4B-00C04F79EFBC}") = "FunckyApp.Tests", "FunckyApp.Tests\FunckyApp.Tests.csproj", "{18453DC0-69C4-492E-A76E-A8AFD907BEC8}"
EndProject
Project("{FAE04EC0-301F-11D3-BF4B-00C04F79EFBC}") = "FunckyApp", "FunckyApp\FunckyApp.csproj", "{F659B2CA-0321-4255-A056-D418291BFAE5}"
EndProject
Project("{FAE04EC0-301F-11D3-BF4B-00C04F79EFBC}") = "FunckyApp.UnitTests", "FunckyApp.UnitTests\FunckyApp.UnitTests.csproj", "{432D3DA5-D996-4716-A52D-EE1AB27CE620}"
EndProject
Project("{2150E333-8FDC-42A3-9474-1A3956D46DE8}") = ".nuget", ".nuget", "{AF6375E6-B80E-4E49-A421-86D96430333A}"
	ProjectSection(SolutionItems) = preProject
		.nuget\NuGet.exe = .nuget\NuGet.exe
		.nuget\package.ps1 = .nuget\package.ps1
	EndProjectSection
EndProject
Global
	GlobalSection(SolutionConfigurationPlatforms) = preSolution
		Debug|Any CPU = Debug|Any CPU
		Release|Any CPU = Release|Any CPU
	EndGlobalSection
	GlobalSection(ProjectConfigurationPlatforms) = postSolution
		{67482A01-B321-4F62-82B6-C491564E770A}.Debug|Any CPU.ActiveCfg = Debug|Any CPU
		{67482A01-B321-4F62-82B6-C491564E770A}.Debug|Any CPU.Build.0 = Debug|Any CPU
		{67482A01-B321-4F62-82B6-C491564E770A}.Release|Any CPU.ActiveCfg = Release|Any CPU
		{67482A01-B321-4F62-82B6-C491564E770A}.Release|Any CPU.Build.0 = Release|Any CPU
		{18453DC0-69C4-492E-A76E-A8AFD907BEC8}.Debug|Any CPU.ActiveCfg = Debug|Any CPU
		{18453DC0-69C4-492E-A76E-A8AFD907BEC8}.Debug|Any CPU.Build.0 = Debug|Any CPU
		{18453DC0-69C4-492E-A76E-A8AFD907BEC8}.Release|Any CPU.ActiveCfg = Release|Any CPU
		{18453DC0-69C4-492E-A76E-A8AFD907BEC8}.Release|Any CPU.Build.0 = Release|Any CPU
		{F659B2CA-0321-4255-A056-D418291BFAE5}.Debug|Any CPU.ActiveCfg = Debug|Any CPU
		{F659B2CA-0321-4255-A056-D418291BFAE5}.Debug|Any CPU.Build.0 = Debug|Any CPU
		{F659B2CA-0321-4255-A056-D418291BFAE5}.Release|Any CPU.ActiveCfg = Release|Any CPU
		{F659B2CA-0321-4255-A056-D418291BFAE5}.Release|Any CPU.Build.0 = Release|Any CPU
		{432D3DA5-D996-4716-A52D-EE1AB27CE620}.Debug|Any CPU.ActiveCfg = Debug|Any CPU
		{432D3DA5-D996-4716-A52D-EE1AB27CE620}.Debug|Any CPU.Build.0 = Debug|Any CPU
		{432D3DA5-D996-4716-A52D-EE1AB27CE620}.Release|Any CPU.ActiveCfg = Release|Any CPU
		{432D3DA5-D996-4716-A52D-EE1AB27CE620}.Release|Any CPU.Build.0 = Release|Any CPU
	EndGlobalSection
	GlobalSection(SolutionProperties) = preSolution
		HideSolutionNode = FALSE
	EndGlobalSection
EndGlobal
